<Solution>
  <Project Path="itinerary_be.Core/itinerary_be.Core.csproj" />
  <Project Path="itinerary_be.Infrastructure/itinerary_be.Infrastructure.csproj" />
  <Project Path="itinerary_be.Modules.Itinerary/itinerary_be.Modules.Itinerary.csproj" />
  <Project Path="itinerary_be.Modules.Logistics/itinerary_be.Modules.Logistics.csproj" />
  <Project Path="itinerary_be.WebAPI/itinerary_be.WebAPI.csproj" />
</Solution>
